{
  "version": 1,
  "dependencies": {
    "net9.0-windows7.0": {
      "FlatSharp.Compiler": {
        "type": "Direct",
        "requested": "[7.9.0, )",
        "resolved": "7.9.0",
        "contentHash": "MU6808xvdbWJ3Ev+5PKalqQuzvVbn1DzzQH8txRDHGFUNDvHjd+ejqpvnYc9BSJ8Qp8VjkkpJD8OzRYilbPp3A=="
      },
      "FlatSharp.Runtime": {
        "type": "Direct",
        "requested": "[7.9.0, )",
        "resolved": "7.9.0",
        "contentHash": "Bm8+WqzEsWNpxqrD5x4x+zQ8dyINlToCreM5FI2oNSfUVc9U9ZB+qztX/jd8rlJb3r0vBSlPwVLpw0xBtPa3Vw==",
        "dependencies": {
          "System.Memory": "4.5.5"
        }
      },
      "SharedMemory": {
        "type": "Direct",
        "requested": "[2.3.2, )",
        "resolved": "2.3.2",
        "contentHash": "hH34Y9xzvdJpgf/vwyWE/zYlY4BdQS3Zolfdg+8hV9A+UQRsBWyBS62kcLO55mF4etmMoL0PswEbT3lVXJSlFw==",
        "dependencies": {
          "System.Reflection.Emit.Lightweight": "4.7.0"
        }
      },
      "System.Memory": {
        "type": "Transitive",
        "resolved": "4.5.5",
        "contentHash": "XIWiDvKPXaTveaB7HVganDlOCRoj03l+jrwNvcge/t8vhGYKvqV+dMv6G4SAX2NoNmN0wZfVPTAlFwZcZvVOUw=="
      },
      "System.Reflection.Emit.Lightweight": {
        "type": "Transitive",
        "resolved": "4.7.0",
        "contentHash": "a4OLB4IITxAXJeV74MDx49Oq2+PsF6Sml54XAFv+2RyWwtDBcabzoxiiJRhdhx+gaohLh4hEGCLQyBozXoQPqA=="
      }
    }
  }
}