{
  "version": 1,
  "dependencies": {
    "net7.0-windows7.0": {
      "CefSharp.Common.NETCore": {
        "type": "Direct",
        "requested": "[108.4.130, )",
        "resolved": "108.4.130",
        "contentHash": "fOvbk8up8Vk1/eZsyy7l3QTzuipbOlLkjQuJbwwPLb+SGZSL+2mQWdmHtr7vHN4rGGZpLO2pQ6jT/RcwWuTw5w==",
        "dependencies": {
          "chromiumembeddedframework.runtime": "[108.4.13]"
        }
      },
      "CefSharp.OffScreen.NETCore": {
        "type": "Direct",
        "requested": "[108.4.130, )",
        "resolved": "108.4.130",
        "contentHash": "QzoO+XGt0rABqvsUAoRM7OlSNpxyjW4ISe4GAshHbPGXrf09BHjhkrBOVrY8MwCCOmSyk9tBgi0kAeEBrPOhDw==",
        "dependencies": {
          "CefSharp.Common.NETCore": "[108.4.130]",
          "System.Drawing.Common": "4.7.0"
        }
      },
      "SharedMemory": {
        "type": "Direct",
        "requested": "[2.3.2, )",
        "resolved": "2.3.2",
        "contentHash": "hH34Y9xzvdJpgf/vwyWE/zYlY4BdQS3Zolfdg+8hV9A+UQRsBWyBS62kcLO55mF4etmMoL0PswEbT3lVXJSlFw==",
        "dependencies": {
          "System.Reflection.Emit.Lightweight": "4.7.0"
        }
      },
      "chromiumembeddedframework.runtime": {
        "type": "Transitive",
        "resolved": "108.4.13",
        "contentHash": "D8jEztf+sDADzgmyeAk5+R39fprsCJZWm1XTz6CYGYFNnXsvB7SX+sKoJ0T23EDJv1N1nsI7ebNeH8W0UCfLIQ=="
      },
      "Microsoft.NETCore.Platforms": {
        "type": "Transitive",
        "resolved": "3.1.0",
        "contentHash": "z7aeg8oHln2CuNulfhiLYxCVMPEwBl3rzicjvIX+4sUuCwvXw5oXQEtbiU2c0z4qYL5L3Kmx0mMA/+t/SbY67w=="
      },
      "Microsoft.Win32.SystemEvents": {
        "type": "Transitive",
        "resolved": "4.7.0",
        "contentHash": "mtVirZr++rq+XCDITMUdnETD59XoeMxSpLRIII7JRI6Yj0LEDiO1pPn0ktlnIj12Ix8bfvQqQDMMIF9wC98oCA==",
        "dependencies": {
          "Microsoft.NETCore.Platforms": "3.1.0"
        }
      },
      "System.Drawing.Common": {
        "type": "Transitive",
        "resolved": "4.7.0",
        "contentHash": "v+XbyYHaZjDfn0ENmJEV1VYLgGgCTx1gnfOBcppowbpOAriglYgGCvFCPr2EEZyBvXlpxbEsTwkOlInl107ahA==",
        "dependencies": {
          "Microsoft.NETCore.Platforms": "3.1.0",
          "Microsoft.Win32.SystemEvents": "4.7.0"
        }
      },
      "System.Reflection.Emit.Lightweight": {
        "type": "Transitive",
        "resolved": "4.7.0",
        "contentHash": "a4OLB4IITxAXJeV74MDx49Oq2+PsF6Sml54XAFv+2RyWwtDBcabzoxiiJRhdhx+gaohLh4hEGCLQyBozXoQPqA=="
      },
      "browsingway.common": {
        "type": "Project"
      }
    },
    "net7.0-windows7.0/win-x64": {
      "CefSharp.Common.NETCore": {
        "type": "Direct",
        "requested": "[108.4.130, )",
        "resolved": "108.4.130",
        "contentHash": "fOvbk8up8Vk1/eZsyy7l3QTzuipbOlLkjQuJbwwPLb+SGZSL+2mQWdmHtr7vHN4rGGZpLO2pQ6jT/RcwWuTw5w==",
        "dependencies": {
          "chromiumembeddedframework.runtime": "[108.4.13]"
        }
      },
      "chromiumembeddedframework.runtime": {
        "type": "Transitive",
        "resolved": "108.4.13",
        "contentHash": "D8jEztf+sDADzgmyeAk5+R39fprsCJZWm1XTz6CYGYFNnXsvB7SX+sKoJ0T23EDJv1N1nsI7ebNeH8W0UCfLIQ==",
        "dependencies": {
          "chromiumembeddedframework.runtime.win-x64": "108.4.13"
        }
      },
      "chromiumembeddedframework.runtime.win-x64": {
        "type": "Transitive",
        "resolved": "108.4.13",
        "contentHash": "/exKsG1y/sL78UtqqCLCvGBXnC7wgVf2Kdnt0mMym/DbvRgY4/dCmYk8CoXwzLVJZZgGwPj0mGvumDsyZWqUWQ=="
      },
      "Microsoft.Win32.SystemEvents": {
        "type": "Transitive",
        "resolved": "4.7.0",
        "contentHash": "mtVirZr++rq+XCDITMUdnETD59XoeMxSpLRIII7JRI6Yj0LEDiO1pPn0ktlnIj12Ix8bfvQqQDMMIF9wC98oCA==",
        "dependencies": {
          "Microsoft.NETCore.Platforms": "3.1.0"
        }
      },
      "System.Drawing.Common": {
        "type": "Transitive",
        "resolved": "4.7.0",
        "contentHash": "v+XbyYHaZjDfn0ENmJEV1VYLgGgCTx1gnfOBcppowbpOAriglYgGCvFCPr2EEZyBvXlpxbEsTwkOlInl107ahA==",
        "dependencies": {
          "Microsoft.NETCore.Platforms": "3.1.0",
          "Microsoft.Win32.SystemEvents": "4.7.0"
        }
      }
    }
  }
}