{
  "version": 1,
  "dependencies": {
    "net9.0-windows7.0": {
      "CefSharp.Common.NETCore": {
        "type": "Direct",
        "requested": "[134.3.60, )",
        "resolved": "134.3.60",
        "contentHash": "dolIu1ZFXfwcDnTtxEn/DBNkH1v7lPdKWyPA/AnrMtBRZm6LmV14dsn8XkKAwcbYaiUA9Boc9E4Sm05hLH84hA==",
        "dependencies": {
          "chromiumembeddedframework.runtime": "[134.3.6]"
        }
      },
      "CefSharp.OffScreen.NETCore": {
        "type": "Direct",
        "requested": "[134.3.60, )",
        "resolved": "134.3.60",
        "contentHash": "/HVn+EfAJMd82+3xCSoS5zCrr+RsG29wvphndW1XYlBmggrOA6uLmyCH7xVa0eoH+lz/GrZgn2+2o88cc3nbew==",
        "dependencies": {
          "CefSharp.Common.NETCore": "[134.3.60]",
          "System.Drawing.Common": "4.7.3"
        }
      },
      "SharedMemory": {
        "type": "Direct",
        "requested": "[2.3.2, )",
        "resolved": "2.3.2",
        "contentHash": "hH34Y9xzvdJpgf/vwyWE/zYlY4BdQS3Zolfdg+8hV9A+UQRsBWyBS62kcLO55mF4etmMoL0PswEbT3lVXJSlFw==",
        "dependencies": {
          "System.Reflection.Emit.Lightweight": "4.7.0"
        }
      },
      "chromiumembeddedframework.runtime": {
        "type": "Transitive",
        "resolved": "134.3.6",
        "contentHash": "lQqIwgpXml+3IXzxqlOG8saGZzfzgOMOGa7hdlUbd8XpED5Ntd/oXLJiwoKo1ArItI1zU4eC8VaaAr4TTsOCYg=="
      },
      "FlatSharp.Runtime": {
        "type": "Transitive",
        "resolved": "7.8.0",
        "contentHash": "9F0nIJxQA7Ka+uQjIPT/AxkaGH83bnaG1Avt9in+TWGCfDmvf1iQ7MQGvw7gcU3Tl/cdBalPk8zoDW1S8aMuCw==",
        "dependencies": {
          "System.Memory": "4.5.5"
        }
      },
      "Microsoft.NETCore.Platforms": {
        "type": "Transitive",
        "resolved": "3.1.9",
        "contentHash": "e+/BrhryHoMojWlbcPJAFcShpk3JYvsMfrmoM26dnvHARWR6vtmGbfHppZcANVqf7DUBDIRxlZXcWg7v/9e1TQ=="
      },
      "Microsoft.Win32.SystemEvents": {
        "type": "Transitive",
        "resolved": "4.7.0",
        "contentHash": "mtVirZr++rq+XCDITMUdnETD59XoeMxSpLRIII7JRI6Yj0LEDiO1pPn0ktlnIj12Ix8bfvQqQDMMIF9wC98oCA==",
        "dependencies": {
          "Microsoft.NETCore.Platforms": "3.1.0"
        }
      },
      "System.Drawing.Common": {
        "type": "Transitive",
        "resolved": "4.7.3",
        "contentHash": "B3+wwhAeoUQ6KeshWSq3IRLQiMoqPEzSHzyVyxTI/EbYuqIp90lXrRISlip2AF+5tj74ycIVPpnRY4M424HahA==",
        "dependencies": {
          "Microsoft.NETCore.Platforms": "3.1.9",
          "Microsoft.Win32.SystemEvents": "4.7.0"
        }
      },
      "System.Memory": {
        "type": "Transitive",
        "resolved": "4.5.5",
        "contentHash": "XIWiDvKPXaTveaB7HVganDlOCRoj03l+jrwNvcge/t8vhGYKvqV+dMv6G4SAX2NoNmN0wZfVPTAlFwZcZvVOUw=="
      },
      "System.Reflection.Emit.Lightweight": {
        "type": "Transitive",
        "resolved": "4.7.0",
        "contentHash": "a4OLB4IITxAXJeV74MDx49Oq2+PsF6Sml54XAFv+2RyWwtDBcabzoxiiJRhdhx+gaohLh4hEGCLQyBozXoQPqA=="
      },
      "browsingway.common": {
        "type": "Project",
        "dependencies": {
          "FlatSharp.Runtime": "[7.8.0, )",
          "SharedMemory": "[2.3.2, )"
        }
      }
    },
    "net9.0-windows7.0/win-x64": {
      "CefSharp.Common.NETCore": {
        "type": "Direct",
        "requested": "[134.3.60, )",
        "resolved": "134.3.60",
        "contentHash": "dolIu1ZFXfwcDnTtxEn/DBNkH1v7lPdKWyPA/AnrMtBRZm6LmV14dsn8XkKAwcbYaiUA9Boc9E4Sm05hLH84hA==",
        "dependencies": {
          "chromiumembeddedframework.runtime": "[134.3.6]"
        }
      },
      "chromiumembeddedframework.runtime": {
        "type": "Transitive",
        "resolved": "134.3.6",
        "contentHash": "lQqIwgpXml+3IXzxqlOG8saGZzfzgOMOGa7hdlUbd8XpED5Ntd/oXLJiwoKo1ArItI1zU4eC8VaaAr4TTsOCYg==",
        "dependencies": {
          "chromiumembeddedframework.runtime.win-x64": "134.3.6"
        }
      },
      "chromiumembeddedframework.runtime.win-x64": {
        "type": "Transitive",
        "resolved": "134.3.6",
        "contentHash": "cBcOTs/YmTuZ2Gtz3azRZxCOcURb+pLPE/JRSDzYCiSCgxLbmboFT0l6PVNfREsWGzjUzE+oejQ1CIYvDYLGpg=="
      },
      "Microsoft.Win32.SystemEvents": {
        "type": "Transitive",
        "resolved": "4.7.0",
        "contentHash": "mtVirZr++rq+XCDITMUdnETD59XoeMxSpLRIII7JRI6Yj0LEDiO1pPn0ktlnIj12Ix8bfvQqQDMMIF9wC98oCA==",
        "dependencies": {
          "Microsoft.NETCore.Platforms": "3.1.0"
        }
      },
      "System.Drawing.Common": {
        "type": "Transitive",
        "resolved": "4.7.3",
        "contentHash": "B3+wwhAeoUQ6KeshWSq3IRLQiMoqPEzSHzyVyxTI/EbYuqIp90lXrRISlip2AF+5tj74ycIVPpnRY4M424HahA==",
        "dependencies": {
          "Microsoft.NETCore.Platforms": "3.1.9",
          "Microsoft.Win32.SystemEvents": "4.7.0"
        }
      }
    }
  }
}